// !$*UTF8*$!
{
	archiveVersion = 1;
	classes = {
	};
	objectVersion = 50;
	objects = {

/* Begin PBXBuildFile section */
		5BFA37B721239AAC00A71843 /* DesiredLeagueVC.swift in Sources */ = {isa = PBXBuildFile; fileRef = 5BFA37B621239AAC00A71843 /* DesiredLeagueVC.swift */; };
		5BFF28B2212297FC0076C071 /* AppDelegate.swift in Sources */ = {isa = PBXBuildFile; fileRef = 5BFF28B1212297FC0076C071 /* AppDelegate.swift */; };
		5BFF28B4212297FC0076C071 /* StarterVC.swift in Sources */ = {isa = PBXBuildFile; fileRef = 5BFF28B3212297FC0076C071 /* StarterVC.swift */; };
		5BFF28B7212297FC0076C071 /* Main.storyboard in Resources */ = {isa = PBXBuildFile; fileRef = 5BFF28B5212297FC0076C071 /* Main.storyboard */; };
		5BFF28B9212297FF0076C071 /* Assets.xcassets in Resources */ = {isa = PBXBuildFile; fileRef = 5BFF28B8212297FF0076C071 /* Assets.xcassets */; };
		5BFF28BC212297FF0076C071 /* LaunchScreen.storyboard in Resources */ = {isa = PBXBuildFile; fileRef = 5BFF28BA212297FF0076C071 /* LaunchScreen.storyboard */; };
		5BFF28C521229BA60076C071 /* FramedBtn.swift in Sources */ = {isa = PBXBuildFile; fileRef = 5BFF28C421229BA60076C071 /* FramedBtn.swift */; };
/* End PBXBuildFile section */

/* Begin PBXFileReference section */
		5BFA37B621239AAC00A71843 /* DesiredLeagueVC.swift */ = {isa = PBXFileReference; lastKnownFileType = sourcecode.swift; path = DesiredLeagueVC.swift; sourceTree = "<group>"; };
		5BFF28AE212297FC0076C071 /* Swoosh.app */ = {isa = PBXFileReference; explicitFileType = wrapper.application; includeInIndex = 0; path = Swoosh.app; sourceTree = BUILT_PRODUCTS_DIR; };
		5BFF28B1212297FC0076C071 /* AppDelegate.swift */ = {isa = PBXFileReference; lastKnownFileType = sourcecode.swift; path = AppDelegate.swift; sourceTree = "<group>"; };
		5BFF28B3212297FC0076C071 /* StarterVC.swift */ = {isa = PBXFileReference; lastKnownFileType = sourcecode.swift; path = StarterVC.swift; sourceTree = "<group>"; };
		5BFF28B6212297FC0076C071 /* Base */ = {isa = PBXFileReference; lastKnownFileType = file.storyboard; name = Base; path = Base.lproj/Main.storyboard; sourceTree = "<group>"; };
		5BFF28B8212297FF0076C071 /* Assets.xcassets */ = {isa = PBXFileReference; lastKnownFileType = folder.assetcatalog; path = Assets.xcassets; sourceTree = "<group>"; };
		5BFF28BB212297FF0076C071 /* Base */ = {isa = PBXFileReference; lastKnownFileType = file.storyboard; name = Base; path = Base.lproj/LaunchScreen.storyboard; sourceTree = "<group>"; };
		5BFF28BD212297FF0076C071 /* Info.plist */ = {isa = PBXFileReference; lastKnownFileType = text.plist.xml; path = Info.plist; sourceTree = "<group>"; };
		5BFF28C421229BA60076C071 /* FramedBtn.swift */ = {isa = PBXFileReference; lastKnownFileType = sourcecode.swift; path = FramedBtn.swift; sourceTree = "<group>"; };
/* End PBXFileReference section */

/* Begin PBXFrameworksBuildPhase section */
		5BFF28AB212297FC0076C071 /* Frameworks */ = {
			isa = PBXFrameworksBuildPhase;
			buildActionMask = 2147483647;
			files = (
			);
			runOnlyForDeploymentPostprocessing = 0;
		};
/* End PBXFrameworksBuildPhase section */

/* Begin PBXGroup section */
		5BFA37B521239A6B00A71843 /* Controllers */ = {
			isa = PBXGroup;
			children = (
				5BFF28B3212297FC0076C071 /* StarterVC.swift */,
				5BFA37B621239AAC00A71843 /* DesiredLeagueVC.swift */,
			);
			path = Controllers;
			sourceTree = "<group>";
		};
		5BFF28A5212297FC0076C071 = {
			isa = PBXGroup;
			children = (
				5BFF28B0212297FC0076C071 /* Swoosh */,
				5BFF28AF212297FC0076C071 /* Products */,
			);
			sourceTree = "<group>";
		};
		5BFF28AF212297FC0076C071 /* Products */ = {
			isa = PBXGroup;
			children = (
				5BFF28AE212297FC0076C071 /* Swoosh.app */,
			);
			name = Products;
			sourceTree = "<group>";
		};
		5BFF28B0212297FC0076C071 /* Swoosh */ = {
			isa = PBXGroup;
			children = (
				5BFA37B521239A6B00A71843 /* Controllers */,
				5BFF28C321229B760076C071 /* Views */,
				5BFF28B1212297FC0076C071 /* AppDelegate.swift */,
				5BFF28B5212297FC0076C071 /* Main.storyboard */,
				5BFF28B8212297FF0076C071 /* Assets.xcassets */,
				5BFF28BA212297FF0076C071 /* LaunchScreen.storyboard */,
				5BFF28BD212297FF0076C071 /* Info.plist */,
			);
			path = Swoosh;
			sourceTree = "<group>";
		};
		5BFF28C321229B760076C071 /* Views */ = {
			isa = PBXGroup;
			children = (
				5BFF28C421229BA60076C071 /* FramedBtn.swift */,
			);
			path = Views;
			sourceTree = "<group>";
		};
/* End PBXGroup section */

/* Begin PBXNativeTarget section */
		5BFF28AD212297FC0076C071 /* Swoosh */ = {
			isa = PBXNativeTarget;
			buildConfigurationList = 5BFF28C0212297FF0076C071 /* Build configuration list for PBXNativeTarget "Swoosh" */;
			buildPhases = (
				5BFF28AA212297FC0076C071 /* Sources */,
				5BFF28AB212297FC0076C071 /* Frameworks */,
				5BFF28AC212297FC0076C071 /* Resources */,
			);
			buildRules = (
			);
			dependencies = (
			);
			name = Swoosh;
			productName = Swoosh;
			productReference = 5BFF28AE212297FC0076C071 /* Swoosh.app */;
			productType = "com.apple.product-type.application";
		};
/* End PBXNativeTarget section */

/* Begin PBXProject section */
		5BFF28A6212297FC0076C071 /* Project object */ = {
			isa = PBXProject;
			attributes = {
				LastSwiftUpdateCheck = 0940;
				LastUpgradeCheck = 0940;
				ORGANIZATIONNAME = "Marwa Zabara";
				TargetAttributes = {
					5BFF28AD212297FC0076C071 = {
						CreatedOnToolsVersion = 9.4.1;
					};
				};
			};
			buildConfigurationList = 5BFF28A9212297FC0076C071 /* Build configuration list for PBXProject "Swoosh" */;
			compatibilityVersion = "Xcode 9.3";
			developmentRegion = en;
			hasScannedForEncodings = 0;
			knownRegions = (
				en,
				Base,
			);
			mainGroup = 5BFF28A5212297FC0076C071;
			productRefGroup = 5BFF28AF212297FC0076C071 /* Products */;
			projectDirPath = "";
			projectRoot = "";
			targets = (
				5BFF28AD212297FC0076C071 /* Swoosh */,
			);
		};
/* End PBXProject section */

/* Begin PBXResourcesBuildPhase section */
		5BFF28AC212297FC0076C071 /* Resources */ = {
			isa = PBXResourcesBuildPhase;
			buildActionMask = 2147483647;
			files = (
				5BFF28BC212297FF0076C071 /* LaunchScreen.storyboard in Resources */,
				5BFF28B9212297FF0076C071 /* Assets.xcassets in Resources */,
				5BFF28B7212297FC0076C071 /* Main.storyboard in Resources */,
			);
			runOnlyForDeploymentPostprocessing = 0;
		};
/* End PBXResourcesBuildPhase section */

/* Begin PBXSourcesBuildPhase section */
		5BFF28AA212297FC0076C071 /* Sources */ = {
			isa = PBXSourcesBuildPhase;
			buildActionMask = 2147483647;
			files = (
				5BFF28C521229BA60076C071 /* FramedBtn.swift in Sources */,
				5BFA37B721239AAC00A71843 /* DesiredLeagueVC.swift in Sources */,
				5BFF28B4212297FC0076C071 /* StarterVC.swift in Sources */,
				5BFF28B2212297FC0076C071 /* AppDelegate.swift in Sources */,
			);
			runOnlyForDeploymentPostprocessing = 0;
		};
/* End PBXSourcesBuildPhase section */

/* Begin PBXVariantGroup section */
		5BFF28B5212297FC0076C071 /* Main.storyboard */ = {
			isa = PBXVariantGroup;
			children = (
				5BFF28B6212297FC0076C071 /* Base */,
			);
			name = Main.storyboard;
			sourceTree = "<group>";
		};
		5BFF28BA212297FF0076C071 /* LaunchScreen.storyboard */ = {
			isa = PBXVariantGroup;
			children = (
				5BFF28BB212297FF0076C071 /* Base */,
			);
			name = LaunchScreen.storyboard;
			sourceTree = "<group>";
		};
/* End PBXVariantGroup section */

/* Begin XCBuildConfiguration section */
		5BFF28BE212297FF0076C071 /* Debug */ = {
			isa = XCBuildConfiguration;
			buildSettings = {
				ALWAYS_SEARCH_USER_PATHS = NO;
				CLANG_ANALYZER_NONNULL = YES;
				CLANG_ANALYZER_NUMBER_OBJECT_CONVERSION = YES_AGGRESSIVE;
				CLANG_CXX_LANGUAGE_STANDARD = "gnu++14";
				CLANG_CXX_LIBRARY = "libc++";
				CLANG_ENABLE_MODULES = YES;
				CLANG_ENABLE_OBJC_ARC = YES;
				CLANG_ENABLE_OBJC_WEAK = YES;
				CLANG_WARN_BLOCK_CAPTURE_AUTORELEASING = YES;
				CLANG_WARN_BOOL_CONVERSION = YES;
				CLANG_WARN_COMMA = YES;
				CLANG_WARN_CONSTANT_CONVERSION = YES;
				CLANG_WARN_DEPRECATED_OBJC_IMPLEMENTATIONS = YES;
				CLANG_WARN_DIRECT_OBJC_ISA_USAGE = YES_ERROR;
				CLANG_WARN_DOCUMENTATION_COMMENTS = YES;
				CLANG_WARN_EMPTY_BODY = YES;
				CLANG_WARN_ENUM_CONVERSION = YES;
				CLANG_WARN_INFINITE_RECURSION = YES;
				CLANG_WARN_INT_CONVERSION = YES;
				CLANG_WARN_NON_LITERAL_NULL_CONVERSION = YES;
				CLANG_WARN_OBJC_IMPLICIT_RETAIN_SELF = YES;
				CLANG_WARN_OBJC_LITERAL_CONVERSION = YES;
				CLANG_WARN_OBJC_ROOT_CLASS = YES_ERROR;
				CLANG_WARN_RANGE_LOOP_ANALYSIS = YES;
				CLANG_WARN_STRICT_PROTOTYPES = YES;
				CLANG_WARN_SUSPICIOUS_MOVE = YES;
				CLANG_WARN_UNGUARDED_AVAILABILITY = YES_AGGRESSIVE;
				CLANG_WARN_UNREACHABLE_CODE = YES;
				CLANG_WARN__DUPLICATE_METHOD_MATCH = YES;
				CODE_SIGN_IDENTITY = "iPhone Developer";
				COPY_PHASE_STRIP = NO;
				DEBUG_INFORMATION_FORMAT = dwarf;
				ENABLE_STRICT_OBJC_MSGSEND = YES;
				ENABLE_TESTABILITY = YES;
				GCC_C_LANGUAGE_STANDARD = gnu11;
				GCC_DYNAMIC_NO_PIC = NO;
				GCC_NO_COMMON_BLOCKS = YES;
				GCC_OPTIMIZATION_LEVEL = 0;
				GCC_PREPROCESSOR_DEFINITIONS = (
					"DEBUG=1",
					"$(inherited)",
				);
				GCC_WARN_64_TO_32_BIT_CONVERSION = YES;
				GCC_WARN_ABOUT_RETURN_TYPE = YES_ERROR;
				GCC_WARN_UNDECLARED_SELECTOR = YES;
				GCC_WARN_UNINITIALIZED_AUTOS = YES_AGGRESSIVE;
				GCC_WARN_UNUSED_FUNCTION = YES;
				GCC_WARN_UNUSED_VARIABLE = YES;
				IPHONEOS_DEPLOYMENT_TARGET = 11.4;
				MTL_ENABLE_DEBUG_INFO = YES;
				ONLY_ACTIVE_ARCH = YES;
				SDKROOT = iphoneos;
				SWIFT_ACTIVE_COMPILATION_CONDITIONS = DEBUG;
				SWIFT_OPTIMIZATION_LEVEL = "-Onone";
			};
			name = Debug;
		};
		5BFF28BF212297FF0076C071 /* Release */ = {
			isa = XCBuildConfiguration;
			buildSettings = {
				ALWAYS_SEARCH_USER_PATHS = NO;
				CLANG_ANALYZER_NONNULL = YES;
				CLANG_ANALYZER_NUMBER_OBJECT_CONVERSION = YES_AGGRESSIVE;
				CLANG_CXX_LANGUAGE_STANDARD = "gnu++14";
				CLANG_CXX_LIBRARY = "libc++";
				CLANG_ENABLE_MODULES = YES;
				CLANG_ENABLE_OBJC_ARC = YES;
				CLANG_ENABLE_OBJC_WEAK = YES;
				CLANG_WARN_BLOCK_CAPTURE_AUTORELEASING = YES;
				CLANG_WARN_BOOL_CONVERSION = YES;
				CLANG_WARN_COMMA = YES;
				CLANG_WARN_CONSTANT_CONVERSION = YES;
				CLANG_WARN_DEPRECATED_OBJC_IMPLEMENTATIONS = YES;
				CLANG_WARN_DIRECT_OBJC_ISA_USAGE = YES_ERROR;
				CLANG_WARN_DOCUMENTATION_COMMENTS = YES;
				CLANG_WARN_EMPTY_BODY = YES;
				CLANG_WARN_ENUM_CONVERSION = YES;
				CLANG_WARN_INFINITE_RECURSION = YES;
				CLANG_WARN_INT_CONVERSION = YES;
				CLANG_WARN_NON_LITERAL_NULL_CONVERSION = YES;
				CLANG_WARN_OBJC_IMPLICIT_RETAIN_SELF = YES;
				CLANG_WARN_OBJC_LITERAL_CONVERSION = YES;
				CLANG_WARN_OBJC_ROOT_CLASS = YES_ERROR;
				CLANG_WARN_RANGE_LOOP_ANALYSIS = YES;
				CLANG_WARN_STRICT_PROTOTYPES = YES;
				CLANG_WARN_SUSPICIOUS_MOVE = YES;
				CLANG_WARN_UNGUARDED_AVAILABILITY = YES_AGGRESSIVE;
				CLANG_WARN_UNREACHABLE_CODE = YES;
				CLANG_WARN__DUPLICATE_METHOD_MATCH = YES;
				CODE_SIGN_IDENTITY = "iPhone Developer";
				COPY_PHASE_STRIP = NO;
				DEBUG_INFORMATION_FORMAT = "dwarf-with-dsym";
				ENABLE_NS_ASSERTIONS = NO;
				ENABLE_STRICT_OBJC_MSGSEND = YES;
				GCC_C_LANGUAGE_STANDARD = gnu11;
				GCC_NO_COMMON_BLOCKS = YES;
				GCC_WARN_64_TO_32_BIT_CONVERSION = YES;
				GCC_WARN_ABOUT_RETURN_TYPE = YES_ERROR;
				GCC_WARN_UNDECLARED_SELECTOR = YES;
				GCC_WARN_UNINITIALIZED_AUTOS = YES_AGGRESSIVE;
				GCC_WARN_UNUSED_FUNCTION = YES;
				GCC_WARN_UNUSED_VARIABLE = YES;
				IPHONEOS_DEPLOYMENT_TARGET = 11.4;
				MTL_ENABLE_DEBUG_INFO = NO;
				SDKROOT = iphoneos;
				SWIFT_COMPILATION_MODE = wholemodule;
				SWIFT_OPTIMIZATION_LEVEL = "-O";
				VALIDATE_PRODUCT = YES;
			};
			name = Release;
		};
		5BFF28C1212297FF0076C071 /* Debug */ = {
			isa = XCBuildConfiguration;
			buildSettings = {
				ASSETCATALOG_COMPILER_APPICON_NAME = AppIcon;
				CODE_SIGN_STYLE = Automatic;
				INFOPLIST_FILE = Swoosh/Info.plist;
				LD_RUNPATH_SEARCH_PATHS = (
					"$(inherited)",
					"@executable_path/Frameworks",
				);
				PRODUCT_BUNDLE_IDENTIFIER = learn.Swoosh;
				PRODUCT_NAME = "$(TARGET_NAME)";
				SWIFT_VERSION = 4.0;
				TARGETED_DEVICE_FAMILY = "1,2";
			};
			name = Debug;
		};
		5BFF28C2212297FF0076C071 /* Release */ = {
			isa = XCBuildConfiguration;
			buildSettings = {
				ASSETCATALOG_COMPILER_APPICON_NAME = AppIcon;
				CODE_SIGN_STYLE = Automatic;
				INFOPLIST_FILE = Swoosh/Info.plist;
				LD_RUNPATH_SEARCH_PATHS = (
					"$(inherited)",
					"@executable_path/Frameworks",
				);
				PRODUCT_BUNDLE_IDENTIFIER = learn.Swoosh;
				PRODUCT_NAME = "$(TARGET_NAME)";
				SWIFT_VERSION = 4.0;
				TARGETED_DEVICE_FAMILY = "1,2";
			};
			name = Release;
		};
/* End XCBuildConfiguration section */

/* Begin XCConfigurationList section */
		5BFF28A9212297FC0076C071 /* Build configuration list for PBXProject "Swoosh" */ = {
			isa = XCConfigurationList;
			buildConfigurations = (
				5BFF28BE212297FF0076C071 /* Debug */,
				5BFF28BF212297FF0076C071 /* Release */,
			);
			defaultConfigurationIsVisible = 0;
			defaultConfigurationName = Release;
		};
		5BFF28C0212297FF0076C071 /* Build configuration list for PBXNativeTarget "Swoosh" */ = {
			isa = XCConfigurationList;
			buildConfigurations = (
				5BFF28C1212297FF0076C071 /* Debug */,
				5BFF28C2212297FF0076C071 /* Release */,
			);
			defaultConfigurationIsVisible = 0;
			defaultConfigurationName = Release;
		};
/* End XCConfigurationList section */
	};
	rootObject = 5BFF28A6212297FC0076C071 /* Project object */;
}
